
Microsoft Visual Studio Solution File, Format Version 12.00
# Visual Studio Version 16
VisualStudioVersion = 16.0.28407.52
MinimumVisualStudioVersion = 10.0.40219.1
Project("{FAE04EC0-301F-11D3-BF4B-00C04F79EFBC}") = "WindowsFormsApp1", "WindowsFormsApp1\WindowsFormsApp1.csproj", "{AF33B79C-D2CA-4263-BD03-01B59A062A5A}"
EndProject
Project("{FAE04EC0-301F-11D3-BF4B-00C04F79EFBC}") = "Server", "Server\Server.csproj", "{64638D4B-7AE1-4DEF-ABA4-2051B8CC9FFB}"
EndProject
Project("{54435603-DBB4-11D2-8724-00A0C9A8B90C}") = "Setup1", "Setup1\Setup1.vdproj", "{B9494926-598F-4535-9F75-55E2CDFEA46F}"
EndProject
Global
	GlobalSection(SolutionConfigurationPlatforms) = preSolution
		Debug|Any CPU = Debug|Any CPU
		Release|Any CPU = Release|Any CPU
	EndGlobalSection
	GlobalSection(ProjectConfigurationPlatforms) = postSolution
		{AF33B79C-D2CA-4263-BD03-01B59A062A5A}.Debug|Any CPU.ActiveCfg = Debug|Any CPU
		{AF33B79C-D2CA-4263-BD03-01B59A062A5A}.Debug|Any CPU.Build.0 = Debug|Any CPU
		{AF33B79C-D2CA-4263-BD03-01B59A062A5A}.Release|Any CPU.ActiveCfg = Release|Any CPU
		{AF33B79C-D2CA-4263-BD03-01B59A062A5A}.Release|Any CPU.Build.0 = Release|Any CPU
		{64638D4B-7AE1-4DEF-ABA4-2051B8CC9FFB}.Debug|Any CPU.ActiveCfg = Debug|Any CPU
		{64638D4B-7AE1-4DEF-ABA4-2051B8CC9FFB}.Debug|Any CPU.Build.0 = Debug|Any CPU
		{64638D4B-7AE1-4DEF-ABA4-2051B8CC9FFB}.Release|Any CPU.ActiveCfg = Release|Any CPU
		{64638D4B-7AE1-4DEF-ABA4-2051B8CC9FFB}.Release|Any CPU.Build.0 = Release|Any CPU
		{B9494926-598F-4535-9F75-55E2CDFEA46F}.Debug|Any CPU.ActiveCfg = Debug
		{B9494926-598F-4535-9F75-55E2CDFEA46F}.Release|Any CPU.ActiveCfg = Release
	EndGlobalSection
	GlobalSection(SolutionProperties) = preSolution
		HideSolutionNode = FALSE
	EndGlobalSection
	GlobalSection(ExtensibilityGlobals) = postSolution
		SolutionGuid = {A4EA0EC0-2303-4265-BE51-4D519CD2225A}
	EndGlobalSection
EndGlobal
